
Microsoft Visual Studio Solution File, Format Version 12.00
# Visual Studio Version 17
VisualStudioVersion = 17.2.32630.192
MinimumVisualStudioVersion = 10.0.40219.1
Project("{9A19103F-16F7-4668-BE54-9A1E7A4F7556}") = "SkateWorld_unpacked", "SkateWorld_unpacked.csproj", "{9AF5751A-03E7-4F9F-9F34-262EDA633D0B}"
EndProject
Global
	GlobalSection(SolutionConfigurationPlatforms) = preSolution
		Debug|Any CPU = Debug|Any CPU
		Release|Any CPU = Release|Any CPU
	EndGlobalSection
	GlobalSection(ProjectConfigurationPlatforms) = postSolution
		{9AF5751A-03E7-4F9F-9F34-262EDA633D0B}.Debug|Any CPU.ActiveCfg = Debug|Any CPU
		{9AF5751A-03E7-4F9F-9F34-262EDA633D0B}.Debug|Any CPU.Build.0 = Debug|Any CPU
		{9AF5751A-03E7-4F9F-9F34-262EDA633D0B}.Release|Any CPU.ActiveCfg = Release|Any CPU
		{9AF5751A-03E7-4F9F-9F34-262EDA633D0B}.Release|Any CPU.Build.0 = Release|Any CPU
	EndGlobalSection
	GlobalSection(SolutionProperties) = preSolution
		HideSolutionNode = FALSE
	EndGlobalSection
	GlobalSection(ExtensibilityGlobals) = postSolution
		SolutionGuid = {9F89FBBC-B30F-4443-956A-91D22C69A146}
	EndGlobalSection
EndGlobal
